
Microsoft Visual Studio Solution File, Format Version 12.00
# Visual Studio Version 16
VisualStudioVersion = 16.0.28803.916
MinimumVisualStudioVersion = 10.0.40219.1
Project("{FAE04EC0-301F-11D3-BF4B-00C04F79EFBC}") = "PrjMasterPage", "PrjMasterPage\PrjMasterPage.csproj", "{83631E85-03C6-4A7A-B32F-FC7CC55770A7}"
EndProject
Global
	GlobalSection(SolutionConfigurationPlatforms) = preSolution
		Debug|Any CPU = Debug|Any CPU
		Release|Any CPU = Release|Any CPU
	EndGlobalSection
	GlobalSection(ProjectConfigurationPlatforms) = postSolution
		{83631E85-03C6-4A7A-B32F-FC7CC55770A7}.Debug|Any CPU.ActiveCfg = Debug|Any CPU
		{83631E85-03C6-4A7A-B32F-FC7CC55770A7}.Debug|Any CPU.Build.0 = Debug|Any CPU
		{83631E85-03C6-4A7A-B32F-FC7CC55770A7}.Release|Any CPU.ActiveCfg = Release|Any CPU
		{83631E85-03C6-4A7A-B32F-FC7CC55770A7}.Release|Any CPU.Build.0 = Release|Any CPU
	EndGlobalSection
	GlobalSection(SolutionProperties) = preSolution
		HideSolutionNode = FALSE
	EndGlobalSection
	GlobalSection(ExtensibilityGlobals) = postSolution
		SolutionGuid = {1722E597-0A2B-4314-AC33-364EABB7A2B2}
	EndGlobalSection
EndGlobal
